
Microsoft Visual Studio Solution File, Format Version 12.00
Project("{FAE04EC0-301F-11D3-BF4B-00C04F79EFBC}") = "App.Core", "App.Core\App.Core.csproj", "{BB348EE4-09F3-41E6-A0BA-2E2277CAFCE4}"
EndProject
Project("{FAE04EC0-301F-11D3-BF4B-00C04F79EFBC}") = "Services.Core", "Services.Core\Services.Core.csproj", "{A851215C-88E4-4431-A4F2-5EFEAA35B851}"
EndProject
Project("{FAE04EC0-301F-11D3-BF4B-00C04F79EFBC}") = "Services.Core.Models", "Services.Core.Models\Services.Core.Models.csproj", "{5F7FF728-1CD9-47BC-B25A-E3B1E16D9FEF}"
EndProject
Project("{FAE04EC0-301F-11D3-BF4B-00C04F79EFBC}") = "Services.UniverseEf", "Services.UniverseEf\Services.UniverseEf.csproj", "{A8665BAC-24E5-45D9-9307-2B203320D35E}"
EndProject
Project("{FAE04EC0-301F-11D3-BF4B-00C04F79EFBC}") = "Tests.Services.Utilities", "Tests.Services.Utilities\Tests.Services.Utilities.csproj", "{64BA96D9-3269-4238-95EA-2C4BC5E7BF0A}"
EndProject
Project("{FAE04EC0-301F-11D3-BF4B-00C04F79EFBC}") = "App.CLIghtFramework", "App.CLIghtFramework\App.CLIghtFramework.csproj", "{8EBBDE5E-8229-47F0-ACBC-02203C1E1208}"
EndProject
Project("{FAE04EC0-301F-11D3-BF4B-00C04F79EFBC}") = "App.UniverseExplorer", "App.UniverseExplorer\App.UniverseExplorer.csproj", "{6D7D63AB-8155-4144-A693-318566BF3A68}"
EndProject
Global
	GlobalSection(SolutionConfigurationPlatforms) = preSolution
		Debug|Any CPU = Debug|Any CPU
		Release|Any CPU = Release|Any CPU
	EndGlobalSection
	GlobalSection(ProjectConfigurationPlatforms) = postSolution
		{BB348EE4-09F3-41E6-A0BA-2E2277CAFCE4}.Debug|Any CPU.ActiveCfg = Debug|Any CPU
		{BB348EE4-09F3-41E6-A0BA-2E2277CAFCE4}.Debug|Any CPU.Build.0 = Debug|Any CPU
		{BB348EE4-09F3-41E6-A0BA-2E2277CAFCE4}.Release|Any CPU.ActiveCfg = Release|Any CPU
		{BB348EE4-09F3-41E6-A0BA-2E2277CAFCE4}.Release|Any CPU.Build.0 = Release|Any CPU
		{A851215C-88E4-4431-A4F2-5EFEAA35B851}.Debug|Any CPU.ActiveCfg = Debug|Any CPU
		{A851215C-88E4-4431-A4F2-5EFEAA35B851}.Debug|Any CPU.Build.0 = Debug|Any CPU
		{A851215C-88E4-4431-A4F2-5EFEAA35B851}.Release|Any CPU.ActiveCfg = Release|Any CPU
		{A851215C-88E4-4431-A4F2-5EFEAA35B851}.Release|Any CPU.Build.0 = Release|Any CPU
		{5F7FF728-1CD9-47BC-B25A-E3B1E16D9FEF}.Debug|Any CPU.ActiveCfg = Debug|Any CPU
		{5F7FF728-1CD9-47BC-B25A-E3B1E16D9FEF}.Debug|Any CPU.Build.0 = Debug|Any CPU
		{5F7FF728-1CD9-47BC-B25A-E3B1E16D9FEF}.Release|Any CPU.ActiveCfg = Release|Any CPU
		{5F7FF728-1CD9-47BC-B25A-E3B1E16D9FEF}.Release|Any CPU.Build.0 = Release|Any CPU
		{A8665BAC-24E5-45D9-9307-2B203320D35E}.Debug|Any CPU.ActiveCfg = Debug|Any CPU
		{A8665BAC-24E5-45D9-9307-2B203320D35E}.Debug|Any CPU.Build.0 = Debug|Any CPU
		{A8665BAC-24E5-45D9-9307-2B203320D35E}.Release|Any CPU.ActiveCfg = Release|Any CPU
		{A8665BAC-24E5-45D9-9307-2B203320D35E}.Release|Any CPU.Build.0 = Release|Any CPU
		{64BA96D9-3269-4238-95EA-2C4BC5E7BF0A}.Debug|Any CPU.ActiveCfg = Debug|Any CPU
		{64BA96D9-3269-4238-95EA-2C4BC5E7BF0A}.Debug|Any CPU.Build.0 = Debug|Any CPU
		{64BA96D9-3269-4238-95EA-2C4BC5E7BF0A}.Release|Any CPU.ActiveCfg = Release|Any CPU
		{64BA96D9-3269-4238-95EA-2C4BC5E7BF0A}.Release|Any CPU.Build.0 = Release|Any CPU
		{8EBBDE5E-8229-47F0-ACBC-02203C1E1208}.Debug|Any CPU.ActiveCfg = Debug|Any CPU
		{8EBBDE5E-8229-47F0-ACBC-02203C1E1208}.Debug|Any CPU.Build.0 = Debug|Any CPU
		{8EBBDE5E-8229-47F0-ACBC-02203C1E1208}.Release|Any CPU.ActiveCfg = Release|Any CPU
		{8EBBDE5E-8229-47F0-ACBC-02203C1E1208}.Release|Any CPU.Build.0 = Release|Any CPU
		{6D7D63AB-8155-4144-A693-318566BF3A68}.Debug|Any CPU.ActiveCfg = Debug|Any CPU
		{6D7D63AB-8155-4144-A693-318566BF3A68}.Debug|Any CPU.Build.0 = Debug|Any CPU
		{6D7D63AB-8155-4144-A693-318566BF3A68}.Release|Any CPU.ActiveCfg = Release|Any CPU
		{6D7D63AB-8155-4144-A693-318566BF3A68}.Release|Any CPU.Build.0 = Release|Any CPU
	EndGlobalSection
EndGlobal
